
Microsoft Visual Studio Solution File, Format Version 12.00
# Visual Studio Version 17
VisualStudioVersion = 17.14.36401.2 d17.14
MinimumVisualStudioVersion = 10.0.40219.1
Project("{FAE04EC0-301F-11D3-BF4B-00C04F79EFBC}") = "EmailCompleteApp", "EmailCompleteApp\EmailCompleteApp.csproj", "{7B927DCE-BA3C-4395-BABE-A042E950D026}"
EndProject
Global
	GlobalSection(SolutionConfigurationPlatforms) = preSolution
		Debug|Any CPU = Debug|Any CPU
		Release|Any CPU = Release|Any CPU
	EndGlobalSection
	GlobalSection(ProjectConfigurationPlatforms) = postSolution
		{7B927DCE-BA3C-4395-BABE-A042E950D026}.Debug|Any CPU.ActiveCfg = Debug|Any CPU
		{7B927DCE-BA3C-4395-BABE-A042E950D026}.Debug|Any CPU.Build.0 = Debug|Any CPU
		{7B927DCE-BA3C-4395-BABE-A042E950D026}.Release|Any CPU.ActiveCfg = Release|Any CPU
		{7B927DCE-BA3C-4395-BABE-A042E950D026}.Release|Any CPU.Build.0 = Release|Any CPU
	EndGlobalSection
	GlobalSection(SolutionProperties) = preSolution
		HideSolutionNode = FALSE
	EndGlobalSection
	GlobalSection(ExtensibilityGlobals) = postSolution
		SolutionGuid = {226DC288-600F-45EF-B301-FA5DD8F455BE}
	EndGlobalSection
EndGlobal
